
Microsoft Visual Studio Solution File, Format Version 12.00
# Visual Studio Version 16
VisualStudioVersion = 16.0.29201.188
MinimumVisualStudioVersion = 10.0.40219.1
Project("{FAE04EC0-301F-11D3-BF4B-00C04F79EFBC}") = "Vasmegye", "Vasmegye.csproj", "{80362E82-958B-4CAF-8532-D258880FE792}"
EndProject
Global
	GlobalSection(SolutionConfigurationPlatforms) = preSolution
		Debug|Any CPU = Debug|Any CPU
		Release|Any CPU = Release|Any CPU
	EndGlobalSection
	GlobalSection(ProjectConfigurationPlatforms) = postSolution
		{80362E82-958B-4CAF-8532-D258880FE792}.Debug|Any CPU.ActiveCfg = Debug|Any CPU
		{80362E82-958B-4CAF-8532-D258880FE792}.Debug|Any CPU.Build.0 = Debug|Any CPU
		{80362E82-958B-4CAF-8532-D258880FE792}.Release|Any CPU.ActiveCfg = Release|Any CPU
		{80362E82-958B-4CAF-8532-D258880FE792}.Release|Any CPU.Build.0 = Release|Any CPU
	EndGlobalSection
	GlobalSection(SolutionProperties) = preSolution
		HideSolutionNode = FALSE
	EndGlobalSection
	GlobalSection(ExtensibilityGlobals) = postSolution
		SolutionGuid = {0B0B36F8-BBB8-435D-9615-91D46BE6D869}
	EndGlobalSection
EndGlobal
